
Microsoft Visual Studio Solution File, Format Version 12.00
# Visual Studio 15
VisualStudioVersion = 15.0.28307.1401
MinimumVisualStudioVersion = 10.0.40219.1
Project("{FAE04EC0-301F-11D3-BF4B-00C04F79EFBC}") = "MMO_EFCore", "MMO_EFCore\MMO_EFCore.csproj", "{4ECD1B4B-79C6-4882-8B57-74EF067F9485}"
EndProject
Global
	GlobalSection(SolutionConfigurationPlatforms) = preSolution
		Debug|Any CPU = Debug|Any CPU
		Release|Any CPU = Release|Any CPU
	EndGlobalSection
	GlobalSection(ProjectConfigurationPlatforms) = postSolution
		{4ECD1B4B-79C6-4882-8B57-74EF067F9485}.Debug|Any CPU.ActiveCfg = Debug|Any CPU
		{4ECD1B4B-79C6-4882-8B57-74EF067F9485}.Debug|Any CPU.Build.0 = Debug|Any CPU
		{4ECD1B4B-79C6-4882-8B57-74EF067F9485}.Release|Any CPU.ActiveCfg = Release|Any CPU
		{4ECD1B4B-79C6-4882-8B57-74EF067F9485}.Release|Any CPU.Build.0 = Release|Any CPU
	EndGlobalSection
	GlobalSection(SolutionProperties) = preSolution
		HideSolutionNode = FALSE
	EndGlobalSection
	GlobalSection(ExtensibilityGlobals) = postSolution
		SolutionGuid = {E2756700-0271-40CD-B775-026E23D5B2BD}
	EndGlobalSection
EndGlobal
